
Microsoft Visual Studio Solution File, Format Version 12.00
# Visual Studio 2013
VisualStudioVersion = 12.0.40629.0
MinimumVisualStudioVersion = 10.0.40219.1
Project("{FAE04EC0-301F-11D3-BF4B-00C04F79EFBC}") = "VSExtension", "JoyfulTools\VSExtension\VSExtension.csproj", "{4ECB9AC7-B424-4DDF-9792-90A829DC8E3A}"
EndProject
Project("{FAE04EC0-301F-11D3-BF4B-00C04F79EFBC}") = "VSExtension_IntegrationTests", "JoyfulTools\VSExtension_IntegrationTests\VSExtension_IntegrationTests.csproj", "{F7AD81C2-CC53-4AD9-8D87-EA43E18DA9C3}"
EndProject
Project("{FAE04EC0-301F-11D3-BF4B-00C04F79EFBC}") = "VSExtension.Tests", "JoyfulTools\VSExtension.Tests\VSExtension.Tests.csproj", "{C066FBAD-1D2F-4343-B611-2BDE57094B89}"
EndProject
Global
	GlobalSection(SolutionConfigurationPlatforms) = preSolution
		Debug|Any CPU = Debug|Any CPU
		Release|Any CPU = Release|Any CPU
	EndGlobalSection
	GlobalSection(ProjectConfigurationPlatforms) = postSolution
		{4ECB9AC7-B424-4DDF-9792-90A829DC8E3A}.Debug|Any CPU.ActiveCfg = Debug|Any CPU
		{4ECB9AC7-B424-4DDF-9792-90A829DC8E3A}.Debug|Any CPU.Build.0 = Debug|Any CPU
		{4ECB9AC7-B424-4DDF-9792-90A829DC8E3A}.Release|Any CPU.ActiveCfg = Release|Any CPU
		{4ECB9AC7-B424-4DDF-9792-90A829DC8E3A}.Release|Any CPU.Build.0 = Release|Any CPU
		{F7AD81C2-CC53-4AD9-8D87-EA43E18DA9C3}.Debug|Any CPU.ActiveCfg = Debug|Any CPU
		{F7AD81C2-CC53-4AD9-8D87-EA43E18DA9C3}.Debug|Any CPU.Build.0 = Debug|Any CPU
		{F7AD81C2-CC53-4AD9-8D87-EA43E18DA9C3}.Release|Any CPU.ActiveCfg = Release|Any CPU
		{F7AD81C2-CC53-4AD9-8D87-EA43E18DA9C3}.Release|Any CPU.Build.0 = Release|Any CPU
		{C066FBAD-1D2F-4343-B611-2BDE57094B89}.Debug|Any CPU.ActiveCfg = Debug|Any CPU
		{C066FBAD-1D2F-4343-B611-2BDE57094B89}.Debug|Any CPU.Build.0 = Debug|Any CPU
		{C066FBAD-1D2F-4343-B611-2BDE57094B89}.Release|Any CPU.ActiveCfg = Release|Any CPU
		{C066FBAD-1D2F-4343-B611-2BDE57094B89}.Release|Any CPU.Build.0 = Release|Any CPU
	EndGlobalSection
	GlobalSection(SolutionProperties) = preSolution
		HideSolutionNode = FALSE
	EndGlobalSection
EndGlobal
